{
  "projects": [
    {
      "projectId": "28Ba3BDvRe7EiWdfFNnLB6",
      "version": "2.10.0",
      "dependencies": {},
      "lang": "ts",
      "fileLocks": [
        {
          "assetId": "28Ba3BDvRe7EiWdfFNnLB6",
          "type": "projectCss",
          "checksum": "87db3f38ab09de17055a82a444e32ce3"
        }
      ],
      "codegenVersion": "0.0.1"
    },
    {
      "projectId": "szjgMQpPpxhmkjnaBvZQJG",
      "version": "2.6.0",
      "dependencies": {},
      "lang": "ts",
      "fileLocks": [
        {
          "assetId": "szjgMQpPpxhmkjnaBvZQJG",
          "type": "projectCss",
          "checksum": "046cbcd955f6ce64b8fe92bdec2ab557"
        }
      ],
      "codegenVersion": "0.0.1"
    },
    {
      "projectId": "7nJ7UcFmq9UzB6eXfC5z4a",
      "version": "0.6.0",
      "dependencies": {},
      "lang": "ts",
      "fileLocks": [
        {
          "assetId": "7nJ7UcFmq9UzB6eXfC5z4a",
          "type": "projectCss",
          "checksum": "27ff92c469db18011be32216514596d3"
        }
      ],
      "codegenVersion": "0.0.1"
    },
    {
      "projectId": "8XuJZfnuNd7UvNkkshapC6",
      "version": "latest",
      "dependencies": {
        "7nJ7UcFmq9UzB6eXfC5z4a": "0.6.0",
        "szjgMQpPpxhmkjnaBvZQJG": "2.6.0",
        "28Ba3BDvRe7EiWdfFNnLB6": "2.10.0"
      },
      "lang": "ts",
      "fileLocks": [
        {
          "type": "globalVariant",
          "assetId": "WwY5HA-vRU8x4",
          "checksum": "de3b81dbe4645da7042aa42761073ff0"
        },
        {
          "type": "renderModule",
          "assetId": "Cwcul4UrW6HS",
          "checksum": "112f2086404f32672c3b12878038eefc"
        },
        {
          "type": "cssRules",
          "assetId": "Cwcul4UrW6HS",
          "checksum": "112f2086404f32672c3b12878038eefc"
        },
        {
          "type": "renderModule",
          "assetId": "7q4dYfz6E__",
          "checksum": "d9121d6dee06994df01898e461c27a59"
        },
        {
          "type": "cssRules",
          "assetId": "7q4dYfz6E__",
          "checksum": "d9121d6dee06994df01898e461c27a59"
        },
        {
          "type": "renderModule",
          "assetId": "bEkwDYSt0b",
          "checksum": "a5a5f271f3a278ce028dca3d9e54d1aa"
        },
        {
          "type": "cssRules",
          "assetId": "bEkwDYSt0b",
          "checksum": "a5a5f271f3a278ce028dca3d9e54d1aa"
        },
        {
          "type": "renderModule",
          "assetId": "stpzk0e4w8",
          "checksum": "afb397d64c00f73bb7ed13f2e5a1a23e"
        },
        {
          "type": "cssRules",
          "assetId": "stpzk0e4w8",
          "checksum": "afb397d64c00f73bb7ed13f2e5a1a23e"
        },
        {
          "type": "renderModule",
          "assetId": "CJ-3PKujtR-",
          "checksum": "d3265b8dedf1be3d31ba1c72a8036e17"
        },
        {
          "type": "cssRules",
          "assetId": "CJ-3PKujtR-",
          "checksum": "d3265b8dedf1be3d31ba1c72a8036e17"
        },
        {
          "type": "icon",
          "assetId": "WK-uNEKVCw3",
          "checksum": "c45bce4238e384045825b259f18a746c"
        },
        {
          "type": "icon",
          "assetId": "H1GZJxswewQ",
          "checksum": "8cab4a99eb9f2d3215f807301c0cb967"
        },
        {
          "type": "icon",
          "assetId": "hCPX34t0fK3",
          "checksum": "03b6d1100549ce54f23ab67306c0869f"
        },
        {
          "type": "image",
          "assetId": "WkYQpLc8u",
          "checksum": "07fe971c2803623b2353cd86b7c53d4a"
        },
        {
          "type": "renderModule",
          "assetId": "hF66z6g8PUp",
          "checksum": "1b24286d365cf6b17c4375a0a71e5ece"
        },
        {
          "type": "cssRules",
          "assetId": "hF66z6g8PUp",
          "checksum": "1b24286d365cf6b17c4375a0a71e5ece"
        },
        {
          "type": "renderModule",
          "assetId": "iFRyT7eXLH",
          "checksum": "c1120dc48b67b019f54e47c6bea4bfc6"
        },
        {
          "type": "cssRules",
          "assetId": "iFRyT7eXLH",
          "checksum": "c1120dc48b67b019f54e47c6bea4bfc6"
        },
        {
          "type": "renderModule",
          "assetId": "cHNTWN6IIi",
          "checksum": "5ba1ce88dcc4455f65a504d51c552881"
        },
        {
          "type": "cssRules",
          "assetId": "cHNTWN6IIi",
          "checksum": "5ba1ce88dcc4455f65a504d51c552881"
        },
        {
          "type": "renderModule",
          "assetId": "0GtKHl4SJA",
          "checksum": "f7f44db506b5eebc576f13c6b6e60d39"
        },
        {
          "type": "cssRules",
          "assetId": "0GtKHl4SJA",
          "checksum": "f7f44db506b5eebc576f13c6b6e60d39"
        },
        {
          "type": "renderModule",
          "assetId": "Cew9iEQBJMu",
          "checksum": "8ac2aaadc7267d10cb8f3529fa2aeec4"
        },
        {
          "type": "cssRules",
          "assetId": "Cew9iEQBJMu",
          "checksum": "8ac2aaadc7267d10cb8f3529fa2aeec4"
        },
        {
          "type": "renderModule",
          "assetId": "hXP-9YKRw2",
          "checksum": "7318f8550f003a03a45c08e9dbae0557"
        },
        {
          "type": "cssRules",
          "assetId": "hXP-9YKRw2",
          "checksum": "7318f8550f003a03a45c08e9dbae0557"
        },
        {
          "type": "renderModule",
          "assetId": "zmhDGaogJf",
          "checksum": "8999423362dbc8032d2663fd9cb85302"
        },
        {
          "type": "cssRules",
          "assetId": "zmhDGaogJf",
          "checksum": "8999423362dbc8032d2663fd9cb85302"
        },
        {
          "type": "renderModule",
          "assetId": "eQpzb1bPyXR",
          "checksum": "39ce702d63e843d1a574d48dafa41c2a"
        },
        {
          "type": "cssRules",
          "assetId": "eQpzb1bPyXR",
          "checksum": "39ce702d63e843d1a574d48dafa41c2a"
        },
        {
          "type": "renderModule",
          "assetId": "aegxh_farI",
          "checksum": "ef6a6be421f5e18fe340862f9b3b259f"
        },
        {
          "type": "cssRules",
          "assetId": "aegxh_farI",
          "checksum": "ef6a6be421f5e18fe340862f9b3b259f"
        },
        {
          "type": "renderModule",
          "assetId": "g2Fzp1_v7ow",
          "checksum": "156378a4f96f4dfad3c1bedc3c936a41"
        },
        {
          "type": "cssRules",
          "assetId": "g2Fzp1_v7ow",
          "checksum": "156378a4f96f4dfad3c1bedc3c936a41"
        },
        {
          "type": "renderModule",
          "assetId": "7ZZm-pBIrx",
          "checksum": "dd3dd02b3b05cfaf95a0888cee5bac9c"
        },
        {
          "type": "cssRules",
          "assetId": "7ZZm-pBIrx",
          "checksum": "dd3dd02b3b05cfaf95a0888cee5bac9c"
        },
        {
          "type": "renderModule",
          "assetId": "605FdbX2DfO",
          "checksum": "8b966b4d9183e9d917a2a440dd1e4681"
        },
        {
          "type": "cssRules",
          "assetId": "605FdbX2DfO",
          "checksum": "8b966b4d9183e9d917a2a440dd1e4681"
        },
        {
          "type": "renderModule",
          "assetId": "QeX4Yp4ozGm",
          "checksum": "c714bcd979c130cf4542b155248c3d80"
        },
        {
          "type": "cssRules",
          "assetId": "QeX4Yp4ozGm",
          "checksum": "c714bcd979c130cf4542b155248c3d80"
        },
        {
          "type": "renderModule",
          "assetId": "rtdQhdscRZ1",
          "checksum": "c0b4830838ad498900393cdf5bd92db1"
        },
        {
          "type": "cssRules",
          "assetId": "rtdQhdscRZ1",
          "checksum": "c0b4830838ad498900393cdf5bd92db1"
        },
        {
          "type": "renderModule",
          "assetId": "LQeW26Vvq3",
          "checksum": "1d7c417d86c559dac14e62aba4316a72"
        },
        {
          "type": "cssRules",
          "assetId": "LQeW26Vvq3",
          "checksum": "1d7c417d86c559dac14e62aba4316a72"
        },
        {
          "type": "renderModule",
          "assetId": "QylFKCNC0eW",
          "checksum": "d7e4b7e2eb585aff4b5a4aa175dda722"
        },
        {
          "type": "cssRules",
          "assetId": "QylFKCNC0eW",
          "checksum": "d7e4b7e2eb585aff4b5a4aa175dda722"
        },
        {
          "type": "renderModule",
          "assetId": "JvLnzcKYZbb",
          "checksum": "0131a56f9adfcb5f9f24a564b1175a71"
        },
        {
          "type": "cssRules",
          "assetId": "JvLnzcKYZbb",
          "checksum": "0131a56f9adfcb5f9f24a564b1175a71"
        },
        {
          "type": "renderModule",
          "assetId": "MXYniCeie3G",
          "checksum": "8085872cbb8261482f738de7cc6d701c"
        },
        {
          "type": "cssRules",
          "assetId": "MXYniCeie3G",
          "checksum": "8085872cbb8261482f738de7cc6d701c"
        },
        {
          "type": "renderModule",
          "assetId": "GCwuU6qoD9h",
          "checksum": "a3b048b5c6add6d8604a3ffc192c042d"
        },
        {
          "type": "cssRules",
          "assetId": "GCwuU6qoD9h",
          "checksum": "a3b048b5c6add6d8604a3ffc192c042d"
        },
        {
          "type": "renderModule",
          "assetId": "aKWnxE_fL_n",
          "checksum": "bb1477b80f5623414dcc2d21fea860da"
        },
        {
          "type": "cssRules",
          "assetId": "aKWnxE_fL_n",
          "checksum": "bb1477b80f5623414dcc2d21fea860da"
        },
        {
          "type": "renderModule",
          "assetId": "gLO3qE5tA7",
          "checksum": "89caf5bd901f92c791dffb02e750f27c"
        },
        {
          "type": "cssRules",
          "assetId": "gLO3qE5tA7",
          "checksum": "89caf5bd901f92c791dffb02e750f27c"
        },
        {
          "type": "renderModule",
          "assetId": "OOiN6jLpGW",
          "checksum": "5f9293bcc5b3723499900fdd9bc4649f"
        },
        {
          "type": "cssRules",
          "assetId": "OOiN6jLpGW",
          "checksum": "5f9293bcc5b3723499900fdd9bc4649f"
        },
        {
          "type": "renderModule",
          "assetId": "-2Az4tsp3u",
          "checksum": "101059c942b4243d4b9e4e10210b6ffd"
        },
        {
          "type": "cssRules",
          "assetId": "-2Az4tsp3u",
          "checksum": "101059c942b4243d4b9e4e10210b6ffd"
        },
        {
          "type": "renderModule",
          "assetId": "Ju1A340bzB-",
          "checksum": "3b373782cf5105b3c84908768093e136"
        },
        {
          "type": "cssRules",
          "assetId": "Ju1A340bzB-",
          "checksum": "3b373782cf5105b3c84908768093e136"
        },
        {
          "type": "renderModule",
          "assetId": "bfV7oLmQIs",
          "checksum": "c1512cf363c0a2fe8569d6d7b4eb9ab6"
        },
        {
          "type": "cssRules",
          "assetId": "bfV7oLmQIs",
          "checksum": "c1512cf363c0a2fe8569d6d7b4eb9ab6"
        },
        {
          "type": "renderModule",
          "assetId": "d9qSkDAT15Y",
          "checksum": "b8e9e95488be5eac830726d8dcf9b7d5"
        },
        {
          "type": "cssRules",
          "assetId": "d9qSkDAT15Y",
          "checksum": "b8e9e95488be5eac830726d8dcf9b7d5"
        },
        {
          "type": "renderModule",
          "assetId": "BdQJvqA4IgO",
          "checksum": "9ba162c40d83998183b209303efa14e4"
        },
        {
          "type": "cssRules",
          "assetId": "BdQJvqA4IgO",
          "checksum": "9ba162c40d83998183b209303efa14e4"
        },
        {
          "type": "renderModule",
          "assetId": "pzKIMAe7y7J",
          "checksum": "458a9979c9143e8d33617ea80069df2e"
        },
        {
          "type": "cssRules",
          "assetId": "pzKIMAe7y7J",
          "checksum": "458a9979c9143e8d33617ea80069df2e"
        },
        {
          "type": "renderModule",
          "assetId": "0hjy5fl7cOe",
          "checksum": "911b9a40b2940f7c8c2f910217ada86f"
        },
        {
          "type": "cssRules",
          "assetId": "0hjy5fl7cOe",
          "checksum": "911b9a40b2940f7c8c2f910217ada86f"
        },
        {
          "type": "renderModule",
          "assetId": "_FgEegp8IaS",
          "checksum": "bf14086c92648f8d43546903fe20ec14"
        },
        {
          "type": "cssRules",
          "assetId": "_FgEegp8IaS",
          "checksum": "bf14086c92648f8d43546903fe20ec14"
        },
        {
          "type": "renderModule",
          "assetId": "UqHzbATt5ih",
          "checksum": "7c332f5537a88d7ae21bb44d64caa1d2"
        },
        {
          "type": "cssRules",
          "assetId": "UqHzbATt5ih",
          "checksum": "7c332f5537a88d7ae21bb44d64caa1d2"
        },
        {
          "type": "renderModule",
          "assetId": "Qh_aoGeAVLO",
          "checksum": "899f9515aed7ce19bea79c489ea5735b"
        },
        {
          "type": "cssRules",
          "assetId": "Qh_aoGeAVLO",
          "checksum": "899f9515aed7ce19bea79c489ea5735b"
        },
        {
          "type": "renderModule",
          "assetId": "BqML-slVbHs",
          "checksum": "7e190e96293f55ca8466e2af031dcd8f"
        },
        {
          "type": "cssRules",
          "assetId": "BqML-slVbHs",
          "checksum": "7e190e96293f55ca8466e2af031dcd8f"
        },
        {
          "type": "renderModule",
          "assetId": "EANaH4iES2Y",
          "checksum": "a727ffc8bb61875e55766cd630444489"
        },
        {
          "type": "cssRules",
          "assetId": "EANaH4iES2Y",
          "checksum": "a727ffc8bb61875e55766cd630444489"
        },
        {
          "type": "renderModule",
          "assetId": "rBcT3zXcB6X",
          "checksum": "ed9af47d9a0c91663904386d8908f730"
        },
        {
          "type": "cssRules",
          "assetId": "rBcT3zXcB6X",
          "checksum": "ed9af47d9a0c91663904386d8908f730"
        },
        {
          "type": "renderModule",
          "assetId": "f6-AwpZB0T_",
          "checksum": "dd6d0e6040604cf31fb5c44c70bc9c0c"
        },
        {
          "type": "cssRules",
          "assetId": "f6-AwpZB0T_",
          "checksum": "dd6d0e6040604cf31fb5c44c70bc9c0c"
        },
        {
          "type": "renderModule",
          "assetId": "DEBxupY4cEs",
          "checksum": "789d2351e372b70b6ffb1d3b479b3ede"
        },
        {
          "type": "cssRules",
          "assetId": "DEBxupY4cEs",
          "checksum": "789d2351e372b70b6ffb1d3b479b3ede"
        },
        {
          "type": "icon",
          "assetId": "jEerZVGrA2K",
          "checksum": "6c5370a28f28024b6fd8c4683baf6515"
        },
        {
          "type": "icon",
          "assetId": "9a8VZ70rIzk",
          "checksum": "0d65bd74b6da8c8575a4beaded746e51"
        },
        {
          "type": "icon",
          "assetId": "xTO2wZbdG5Q",
          "checksum": "070de4428eeefb0ee4ff0158230a95ac"
        },
        {
          "type": "icon",
          "assetId": "yoqrGfTQjFR",
          "checksum": "a3502e45ce3bc3358f016cecf61e41cf"
        },
        {
          "type": "icon",
          "assetId": "px9Wc5QC812",
          "checksum": "e81399415511ad75de5a57518faa12b9"
        },
        {
          "type": "image",
          "assetId": "kcqghBg-s",
          "checksum": "0c8fcde3f330a4da212860e1256b938e"
        },
        {
          "type": "image",
          "assetId": "ongiO6yxM",
          "checksum": "970a5767b96f7bbb7cbfc643b1c94e36"
        },
        {
          "type": "image",
          "assetId": "RQNt4tSc9",
          "checksum": "c5a0102342fab36aef84d3aac0e72698"
        },
        {
          "type": "image",
          "assetId": "Hrv6HwWsm",
          "checksum": "f3c87f8bba021442430b43e255cb4348"
        },
        {
          "type": "image",
          "assetId": "SZSqXyfLg",
          "checksum": "4813a10cb4ecb73358cbe0a64a32e690"
        },
        {
          "type": "image",
          "assetId": "fDqxBhWcc",
          "checksum": "5410364aa0c0ca2793f85c7d770b95aa"
        },
        {
          "type": "image",
          "assetId": "XfRkQKfsQ",
          "checksum": "f79aa9f3044e32578d552e727360857a"
        },
        {
          "type": "image",
          "assetId": "m8EExYHK_",
          "checksum": "53f422fcbc47831f271bc765afcd1781"
        },
        {
          "type": "renderModule",
          "assetId": "pJ5H5bIW9Pq",
          "checksum": "999af8840e0f86c51f248c5d059c95bc"
        },
        {
          "type": "cssRules",
          "assetId": "pJ5H5bIW9Pq",
          "checksum": "999af8840e0f86c51f248c5d059c95bc"
        },
        {
          "type": "renderModule",
          "assetId": "pXV_I6jM5lc",
          "checksum": "f01e4d21a6cccbd11dc716dd155beca5"
        },
        {
          "type": "cssRules",
          "assetId": "pXV_I6jM5lc",
          "checksum": "f01e4d21a6cccbd11dc716dd155beca5"
        },
        {
          "type": "renderModule",
          "assetId": "PZ7Wdg9iZJ",
          "checksum": "b355e72546e493714d238de91238393b"
        },
        {
          "type": "cssRules",
          "assetId": "PZ7Wdg9iZJ",
          "checksum": "b355e72546e493714d238de91238393b"
        },
        {
          "type": "renderModule",
          "assetId": "s963UX2uFqp",
          "checksum": "5e269efb564056c52c03711d948ec3b1"
        },
        {
          "type": "cssRules",
          "assetId": "s963UX2uFqp",
          "checksum": "5e269efb564056c52c03711d948ec3b1"
        },
        {
          "type": "renderModule",
          "assetId": "lUEHQykv526",
          "checksum": "778696ee84beaf9a8f2841f1bc71aab6"
        },
        {
          "type": "cssRules",
          "assetId": "lUEHQykv526",
          "checksum": "778696ee84beaf9a8f2841f1bc71aab6"
        },
        {
          "type": "renderModule",
          "assetId": "Bmg8wAZSTr2",
          "checksum": "7415f7dd383f85c1744afdfefc710347"
        },
        {
          "type": "cssRules",
          "assetId": "Bmg8wAZSTr2",
          "checksum": "7415f7dd383f85c1744afdfefc710347"
        },
        {
          "type": "renderModule",
          "assetId": "3dfd-KHP3iP",
          "checksum": "3af23340c8419b1bdd26ba8931a549aa"
        },
        {
          "type": "cssRules",
          "assetId": "3dfd-KHP3iP",
          "checksum": "3af23340c8419b1bdd26ba8931a549aa"
        },
        {
          "type": "renderModule",
          "assetId": "RPXnndImEa1",
          "checksum": "bfbc68b34058948ca3df729250be392a"
        },
        {
          "type": "cssRules",
          "assetId": "RPXnndImEa1",
          "checksum": "bfbc68b34058948ca3df729250be392a"
        },
        {
          "type": "renderModule",
          "assetId": "0gwx988VBe2",
          "checksum": "c5fb4f7377a6e0f6565b148dc7b3897f"
        },
        {
          "type": "cssRules",
          "assetId": "0gwx988VBe2",
          "checksum": "c5fb4f7377a6e0f6565b148dc7b3897f"
        },
        {
          "type": "renderModule",
          "assetId": "S7kg1gcj7-v",
          "checksum": "078805412ca6fb589e3b692746349a81"
        },
        {
          "type": "cssRules",
          "assetId": "S7kg1gcj7-v",
          "checksum": "078805412ca6fb589e3b692746349a81"
        },
        {
          "type": "renderModule",
          "assetId": "-mHekhvq3AY",
          "checksum": "4f9719c405c0bdea43d8f9c07ac76f9e"
        },
        {
          "type": "cssRules",
          "assetId": "-mHekhvq3AY",
          "checksum": "4f9719c405c0bdea43d8f9c07ac76f9e"
        },
        {
          "type": "renderModule",
          "assetId": "8PboOpLyrBm",
          "checksum": "9d3b0ac98e25b325a0dca8c72d726014"
        },
        {
          "type": "cssRules",
          "assetId": "8PboOpLyrBm",
          "checksum": "9d3b0ac98e25b325a0dca8c72d726014"
        },
        {
          "type": "renderModule",
          "assetId": "9uhOKoIKliE",
          "checksum": "66fcd2719beff1bd98c15eebe7968743"
        },
        {
          "type": "cssRules",
          "assetId": "9uhOKoIKliE",
          "checksum": "66fcd2719beff1bd98c15eebe7968743"
        },
        {
          "type": "renderModule",
          "assetId": "8WUOyU1T46J",
          "checksum": "a36b3b56b144ef7c7b164c5ef57fba12"
        },
        {
          "type": "cssRules",
          "assetId": "8WUOyU1T46J",
          "checksum": "a36b3b56b144ef7c7b164c5ef57fba12"
        },
        {
          "assetId": "8XuJZfnuNd7UvNkkshapC6",
          "type": "projectCss",
          "checksum": "b0ad5a01ae09ecad8ff7ce12809219a5"
        }
      ],
      "codegenVersion": "0.0.1"
    }
  ],
  "cliVersion": "0.1.186"
}
