{
  "projects": [
    {
      "projectId": "28Ba3BDvRe7EiWdfFNnLB6",
      "version": "2.10.0",
      "dependencies": {},
      "lang": "ts",
      "fileLocks": [
        {
          "assetId": "28Ba3BDvRe7EiWdfFNnLB6",
          "type": "projectCss",
          "checksum": "87db3f38ab09de17055a82a444e32ce3"
        }
      ],
      "codegenVersion": "0.0.1"
    },
    {
      "projectId": "szjgMQpPpxhmkjnaBvZQJG",
      "version": "2.6.0",
      "dependencies": {},
      "lang": "ts",
      "fileLocks": [
        {
          "assetId": "szjgMQpPpxhmkjnaBvZQJG",
          "type": "projectCss",
          "checksum": "046cbcd955f6ce64b8fe92bdec2ab557"
        }
      ],
      "codegenVersion": "0.0.1"
    },
    {
      "projectId": "7nJ7UcFmq9UzB6eXfC5z4a",
      "version": "0.6.0",
      "dependencies": {},
      "lang": "ts",
      "fileLocks": [
        {
          "assetId": "7nJ7UcFmq9UzB6eXfC5z4a",
          "type": "projectCss",
          "checksum": "27ff92c469db18011be32216514596d3"
        }
      ],
      "codegenVersion": "0.0.1"
    },
    {
      "projectId": "8XuJZfnuNd7UvNkkshapC6",
      "version": "latest",
      "dependencies": {
        "7nJ7UcFmq9UzB6eXfC5z4a": "0.6.0",
        "szjgMQpPpxhmkjnaBvZQJG": "2.6.0",
        "28Ba3BDvRe7EiWdfFNnLB6": "2.10.0"
      },
      "lang": "ts",
      "fileLocks": [
        {
          "type": "globalVariant",
          "assetId": "WwY5HA-vRU8x4",
          "checksum": "de3b81dbe4645da7042aa42761073ff0"
        },
        {
          "type": "renderModule",
          "assetId": "Cwcul4UrW6HS",
          "checksum": "561ea44b33e54a869ea01bdf24e1d245"
        },
        {
          "type": "cssRules",
          "assetId": "Cwcul4UrW6HS",
          "checksum": "561ea44b33e54a869ea01bdf24e1d245"
        },
        {
          "type": "renderModule",
          "assetId": "7q4dYfz6E__",
          "checksum": "a2329272c18cb6d779ef6df8e2d80470"
        },
        {
          "type": "cssRules",
          "assetId": "7q4dYfz6E__",
          "checksum": "a2329272c18cb6d779ef6df8e2d80470"
        },
        {
          "type": "renderModule",
          "assetId": "bEkwDYSt0b",
          "checksum": "9e3f89056c482bb93653a43d3227ca61"
        },
        {
          "type": "cssRules",
          "assetId": "bEkwDYSt0b",
          "checksum": "9e3f89056c482bb93653a43d3227ca61"
        },
        {
          "type": "renderModule",
          "assetId": "stpzk0e4w8",
          "checksum": "8456470c883d6b3b8cb760e61f231656"
        },
        {
          "type": "cssRules",
          "assetId": "stpzk0e4w8",
          "checksum": "8456470c883d6b3b8cb760e61f231656"
        },
        {
          "type": "renderModule",
          "assetId": "CJ-3PKujtR-",
          "checksum": "8118310350309b9741f011b571e45ecf"
        },
        {
          "type": "cssRules",
          "assetId": "CJ-3PKujtR-",
          "checksum": "8118310350309b9741f011b571e45ecf"
        },
        {
          "type": "icon",
          "assetId": "WK-uNEKVCw3",
          "checksum": "c45bce4238e384045825b259f18a746c"
        },
        {
          "type": "icon",
          "assetId": "H1GZJxswewQ",
          "checksum": "8cab4a99eb9f2d3215f807301c0cb967"
        },
        {
          "type": "icon",
          "assetId": "hCPX34t0fK3",
          "checksum": "03b6d1100549ce54f23ab67306c0869f"
        },
        {
          "type": "image",
          "assetId": "WkYQpLc8u",
          "checksum": "07fe971c2803623b2353cd86b7c53d4a"
        },
        {
          "type": "renderModule",
          "assetId": "hF66z6g8PUp",
          "checksum": "68f1f44a6e60e39c58963ffed6075157"
        },
        {
          "type": "cssRules",
          "assetId": "hF66z6g8PUp",
          "checksum": "68f1f44a6e60e39c58963ffed6075157"
        },
        {
          "type": "renderModule",
          "assetId": "iFRyT7eXLH",
          "checksum": "ff04e7a6f85b4f489f461bd5dbbde5ad"
        },
        {
          "type": "cssRules",
          "assetId": "iFRyT7eXLH",
          "checksum": "ff04e7a6f85b4f489f461bd5dbbde5ad"
        },
        {
          "type": "renderModule",
          "assetId": "cHNTWN6IIi",
          "checksum": "40b5c64a837fb775af1703bf52ef93d5"
        },
        {
          "type": "cssRules",
          "assetId": "cHNTWN6IIi",
          "checksum": "40b5c64a837fb775af1703bf52ef93d5"
        },
        {
          "type": "renderModule",
          "assetId": "0GtKHl4SJA",
          "checksum": "169cc47cd5249542e95b1e453933a054"
        },
        {
          "type": "cssRules",
          "assetId": "0GtKHl4SJA",
          "checksum": "169cc47cd5249542e95b1e453933a054"
        },
        {
          "type": "renderModule",
          "assetId": "Cew9iEQBJMu",
          "checksum": "9fa2b4a7108e292bbe4692de67d0be80"
        },
        {
          "type": "cssRules",
          "assetId": "Cew9iEQBJMu",
          "checksum": "9fa2b4a7108e292bbe4692de67d0be80"
        },
        {
          "type": "renderModule",
          "assetId": "hXP-9YKRw2",
          "checksum": "1a80e48a1b7d77f7217a89b935c29008"
        },
        {
          "type": "cssRules",
          "assetId": "hXP-9YKRw2",
          "checksum": "1a80e48a1b7d77f7217a89b935c29008"
        },
        {
          "type": "renderModule",
          "assetId": "zmhDGaogJf",
          "checksum": "ebf1fa31770ad05b52b8f0d9fda854e8"
        },
        {
          "type": "cssRules",
          "assetId": "zmhDGaogJf",
          "checksum": "ebf1fa31770ad05b52b8f0d9fda854e8"
        },
        {
          "type": "renderModule",
          "assetId": "eQpzb1bPyXR",
          "checksum": "3196400fa7c0780d2623201be8ac04a4"
        },
        {
          "type": "cssRules",
          "assetId": "eQpzb1bPyXR",
          "checksum": "3196400fa7c0780d2623201be8ac04a4"
        },
        {
          "type": "renderModule",
          "assetId": "aegxh_farI",
          "checksum": "0f04fa2402fac90684fda201e750c05c"
        },
        {
          "type": "cssRules",
          "assetId": "aegxh_farI",
          "checksum": "0f04fa2402fac90684fda201e750c05c"
        },
        {
          "type": "renderModule",
          "assetId": "g2Fzp1_v7ow",
          "checksum": "d38a173d139e8374bbafc9851561ace1"
        },
        {
          "type": "cssRules",
          "assetId": "g2Fzp1_v7ow",
          "checksum": "d38a173d139e8374bbafc9851561ace1"
        },
        {
          "type": "renderModule",
          "assetId": "7ZZm-pBIrx",
          "checksum": "dd18b3ce67eff26881b70a08f8da22d7"
        },
        {
          "type": "cssRules",
          "assetId": "7ZZm-pBIrx",
          "checksum": "dd18b3ce67eff26881b70a08f8da22d7"
        },
        {
          "type": "renderModule",
          "assetId": "605FdbX2DfO",
          "checksum": "29418edd12bf714a7b1c891720c1aae0"
        },
        {
          "type": "cssRules",
          "assetId": "605FdbX2DfO",
          "checksum": "29418edd12bf714a7b1c891720c1aae0"
        },
        {
          "type": "renderModule",
          "assetId": "QeX4Yp4ozGm",
          "checksum": "6869cced2d09dc59a26d409ad2a0bde5"
        },
        {
          "type": "cssRules",
          "assetId": "QeX4Yp4ozGm",
          "checksum": "6869cced2d09dc59a26d409ad2a0bde5"
        },
        {
          "type": "renderModule",
          "assetId": "rtdQhdscRZ1",
          "checksum": "587e550b9706c0f979b131b83a1cc45b"
        },
        {
          "type": "cssRules",
          "assetId": "rtdQhdscRZ1",
          "checksum": "587e550b9706c0f979b131b83a1cc45b"
        },
        {
          "type": "renderModule",
          "assetId": "LQeW26Vvq3",
          "checksum": "c485cc1ac3ba07fdb878e3490550567a"
        },
        {
          "type": "cssRules",
          "assetId": "LQeW26Vvq3",
          "checksum": "c485cc1ac3ba07fdb878e3490550567a"
        },
        {
          "type": "renderModule",
          "assetId": "QylFKCNC0eW",
          "checksum": "b12a1360191da691651c1d36b00d54c2"
        },
        {
          "type": "cssRules",
          "assetId": "QylFKCNC0eW",
          "checksum": "b12a1360191da691651c1d36b00d54c2"
        },
        {
          "type": "renderModule",
          "assetId": "JvLnzcKYZbb",
          "checksum": "e2517e514ab735306bc8fc338e482857"
        },
        {
          "type": "cssRules",
          "assetId": "JvLnzcKYZbb",
          "checksum": "e2517e514ab735306bc8fc338e482857"
        },
        {
          "type": "renderModule",
          "assetId": "MXYniCeie3G",
          "checksum": "3bcf95d44c31a2610e6b3a756ea59675"
        },
        {
          "type": "cssRules",
          "assetId": "MXYniCeie3G",
          "checksum": "3bcf95d44c31a2610e6b3a756ea59675"
        },
        {
          "type": "renderModule",
          "assetId": "GCwuU6qoD9h",
          "checksum": "16c0fd53b5d7d4f379f4ea7618a40b2c"
        },
        {
          "type": "cssRules",
          "assetId": "GCwuU6qoD9h",
          "checksum": "16c0fd53b5d7d4f379f4ea7618a40b2c"
        },
        {
          "type": "renderModule",
          "assetId": "aKWnxE_fL_n",
          "checksum": "09e5baf19dd0bd8c15fea4a2bd3f19f0"
        },
        {
          "type": "cssRules",
          "assetId": "aKWnxE_fL_n",
          "checksum": "09e5baf19dd0bd8c15fea4a2bd3f19f0"
        },
        {
          "type": "renderModule",
          "assetId": "gLO3qE5tA7",
          "checksum": "87cca0e147d601b2b9af420924861a69"
        },
        {
          "type": "cssRules",
          "assetId": "gLO3qE5tA7",
          "checksum": "87cca0e147d601b2b9af420924861a69"
        },
        {
          "type": "renderModule",
          "assetId": "OOiN6jLpGW",
          "checksum": "7ef64d09331488e641eaa9e99e090375"
        },
        {
          "type": "cssRules",
          "assetId": "OOiN6jLpGW",
          "checksum": "7ef64d09331488e641eaa9e99e090375"
        },
        {
          "type": "renderModule",
          "assetId": "-2Az4tsp3u",
          "checksum": "53ffbb946efa73f9c391a4b202da3c8f"
        },
        {
          "type": "cssRules",
          "assetId": "-2Az4tsp3u",
          "checksum": "53ffbb946efa73f9c391a4b202da3c8f"
        },
        {
          "type": "renderModule",
          "assetId": "Ju1A340bzB-",
          "checksum": "55b71e0d559eb93c779015e80080a464"
        },
        {
          "type": "cssRules",
          "assetId": "Ju1A340bzB-",
          "checksum": "55b71e0d559eb93c779015e80080a464"
        },
        {
          "type": "renderModule",
          "assetId": "bfV7oLmQIs",
          "checksum": "fee1efe201726fee975d29cda40c4275"
        },
        {
          "type": "cssRules",
          "assetId": "bfV7oLmQIs",
          "checksum": "fee1efe201726fee975d29cda40c4275"
        },
        {
          "type": "renderModule",
          "assetId": "d9qSkDAT15Y",
          "checksum": "18c44624a11ef10933b5d7e533a03904"
        },
        {
          "type": "cssRules",
          "assetId": "d9qSkDAT15Y",
          "checksum": "18c44624a11ef10933b5d7e533a03904"
        },
        {
          "type": "renderModule",
          "assetId": "BdQJvqA4IgO",
          "checksum": "b25e2e825eb7af630c5671b2b86f4dbd"
        },
        {
          "type": "cssRules",
          "assetId": "BdQJvqA4IgO",
          "checksum": "b25e2e825eb7af630c5671b2b86f4dbd"
        },
        {
          "type": "renderModule",
          "assetId": "pzKIMAe7y7J",
          "checksum": "91612ef14721101d9cb1558678ce2115"
        },
        {
          "type": "cssRules",
          "assetId": "pzKIMAe7y7J",
          "checksum": "91612ef14721101d9cb1558678ce2115"
        },
        {
          "type": "renderModule",
          "assetId": "0hjy5fl7cOe",
          "checksum": "fbe63df5e0d3020e9e6c36cfa921ec62"
        },
        {
          "type": "cssRules",
          "assetId": "0hjy5fl7cOe",
          "checksum": "fbe63df5e0d3020e9e6c36cfa921ec62"
        },
        {
          "type": "renderModule",
          "assetId": "_FgEegp8IaS",
          "checksum": "05ec21fb3a8d3c168d03060c99eb5ade"
        },
        {
          "type": "cssRules",
          "assetId": "_FgEegp8IaS",
          "checksum": "05ec21fb3a8d3c168d03060c99eb5ade"
        },
        {
          "type": "renderModule",
          "assetId": "UqHzbATt5ih",
          "checksum": "afcee9483a5be4464e7bded4d537074b"
        },
        {
          "type": "cssRules",
          "assetId": "UqHzbATt5ih",
          "checksum": "afcee9483a5be4464e7bded4d537074b"
        },
        {
          "type": "renderModule",
          "assetId": "Qh_aoGeAVLO",
          "checksum": "718bd7645c3a9d99a1c86ee129deaa86"
        },
        {
          "type": "cssRules",
          "assetId": "Qh_aoGeAVLO",
          "checksum": "718bd7645c3a9d99a1c86ee129deaa86"
        },
        {
          "type": "renderModule",
          "assetId": "BqML-slVbHs",
          "checksum": "da5494b33a2810f92fadbc437e041fc4"
        },
        {
          "type": "cssRules",
          "assetId": "BqML-slVbHs",
          "checksum": "da5494b33a2810f92fadbc437e041fc4"
        },
        {
          "type": "renderModule",
          "assetId": "EANaH4iES2Y",
          "checksum": "c41278d875e2f6f25cb0fbf057a8841a"
        },
        {
          "type": "cssRules",
          "assetId": "EANaH4iES2Y",
          "checksum": "c41278d875e2f6f25cb0fbf057a8841a"
        },
        {
          "type": "renderModule",
          "assetId": "rBcT3zXcB6X",
          "checksum": "f5ac5dfd9544bb05f6a5a11cb33c590b"
        },
        {
          "type": "cssRules",
          "assetId": "rBcT3zXcB6X",
          "checksum": "f5ac5dfd9544bb05f6a5a11cb33c590b"
        },
        {
          "type": "renderModule",
          "assetId": "f6-AwpZB0T_",
          "checksum": "9d5af90392e8019e4413179f91254af0"
        },
        {
          "type": "cssRules",
          "assetId": "f6-AwpZB0T_",
          "checksum": "9d5af90392e8019e4413179f91254af0"
        },
        {
          "type": "renderModule",
          "assetId": "DEBxupY4cEs",
          "checksum": "e91b9b84bb7b9c8cfb24cfae15d3c61f"
        },
        {
          "type": "cssRules",
          "assetId": "DEBxupY4cEs",
          "checksum": "e91b9b84bb7b9c8cfb24cfae15d3c61f"
        },
        {
          "type": "icon",
          "assetId": "jEerZVGrA2K",
          "checksum": "6c5370a28f28024b6fd8c4683baf6515"
        },
        {
          "type": "icon",
          "assetId": "9a8VZ70rIzk",
          "checksum": "0d65bd74b6da8c8575a4beaded746e51"
        },
        {
          "type": "icon",
          "assetId": "xTO2wZbdG5Q",
          "checksum": "070de4428eeefb0ee4ff0158230a95ac"
        },
        {
          "type": "icon",
          "assetId": "yoqrGfTQjFR",
          "checksum": "a3502e45ce3bc3358f016cecf61e41cf"
        },
        {
          "type": "icon",
          "assetId": "px9Wc5QC812",
          "checksum": "e81399415511ad75de5a57518faa12b9"
        },
        {
          "type": "image",
          "assetId": "kcqghBg-s",
          "checksum": "0c8fcde3f330a4da212860e1256b938e"
        },
        {
          "type": "image",
          "assetId": "ongiO6yxM",
          "checksum": "970a5767b96f7bbb7cbfc643b1c94e36"
        },
        {
          "type": "image",
          "assetId": "RQNt4tSc9",
          "checksum": "c5a0102342fab36aef84d3aac0e72698"
        },
        {
          "type": "image",
          "assetId": "Hrv6HwWsm",
          "checksum": "f3c87f8bba021442430b43e255cb4348"
        },
        {
          "type": "image",
          "assetId": "SZSqXyfLg",
          "checksum": "4813a10cb4ecb73358cbe0a64a32e690"
        },
        {
          "type": "image",
          "assetId": "fDqxBhWcc",
          "checksum": "5410364aa0c0ca2793f85c7d770b95aa"
        },
        {
          "type": "image",
          "assetId": "XfRkQKfsQ",
          "checksum": "f79aa9f3044e32578d552e727360857a"
        },
        {
          "type": "image",
          "assetId": "m8EExYHK_",
          "checksum": "53f422fcbc47831f271bc765afcd1781"
        },
        {
          "type": "renderModule",
          "assetId": "pJ5H5bIW9Pq",
          "checksum": "a5c722c925ad33efae1f08e9a67ae337"
        },
        {
          "type": "cssRules",
          "assetId": "pJ5H5bIW9Pq",
          "checksum": "a5c722c925ad33efae1f08e9a67ae337"
        },
        {
          "type": "renderModule",
          "assetId": "pXV_I6jM5lc",
          "checksum": "bddadc6b1165596e18dd3ccbbf6ca959"
        },
        {
          "type": "cssRules",
          "assetId": "pXV_I6jM5lc",
          "checksum": "bddadc6b1165596e18dd3ccbbf6ca959"
        },
        {
          "type": "renderModule",
          "assetId": "PZ7Wdg9iZJ",
          "checksum": "17617bb22d1f79b22362848219c1ce06"
        },
        {
          "type": "cssRules",
          "assetId": "PZ7Wdg9iZJ",
          "checksum": "17617bb22d1f79b22362848219c1ce06"
        },
        {
          "type": "renderModule",
          "assetId": "s963UX2uFqp",
          "checksum": "3b6b271156e20f9758512ac0bd8ad165"
        },
        {
          "type": "cssRules",
          "assetId": "s963UX2uFqp",
          "checksum": "3b6b271156e20f9758512ac0bd8ad165"
        },
        {
          "type": "renderModule",
          "assetId": "lUEHQykv526",
          "checksum": "22be171977a414b5966fb8ebcbb6d6ff"
        },
        {
          "type": "cssRules",
          "assetId": "lUEHQykv526",
          "checksum": "22be171977a414b5966fb8ebcbb6d6ff"
        },
        {
          "type": "renderModule",
          "assetId": "Bmg8wAZSTr2",
          "checksum": "8b812d65a9b175dcc1e3c5c392598988"
        },
        {
          "type": "cssRules",
          "assetId": "Bmg8wAZSTr2",
          "checksum": "8b812d65a9b175dcc1e3c5c392598988"
        },
        {
          "type": "renderModule",
          "assetId": "3dfd-KHP3iP",
          "checksum": "53f57ad8e02d4317aee3bc084cfa36eb"
        },
        {
          "type": "cssRules",
          "assetId": "3dfd-KHP3iP",
          "checksum": "53f57ad8e02d4317aee3bc084cfa36eb"
        },
        {
          "type": "renderModule",
          "assetId": "RPXnndImEa1",
          "checksum": "dd9507691bcd00025a21238ba3dcee57"
        },
        {
          "type": "cssRules",
          "assetId": "RPXnndImEa1",
          "checksum": "dd9507691bcd00025a21238ba3dcee57"
        },
        {
          "type": "renderModule",
          "assetId": "0gwx988VBe2",
          "checksum": "3e89872673b8d92a6b99591411bafa1c"
        },
        {
          "type": "cssRules",
          "assetId": "0gwx988VBe2",
          "checksum": "3e89872673b8d92a6b99591411bafa1c"
        },
        {
          "type": "renderModule",
          "assetId": "S7kg1gcj7-v",
          "checksum": "68cc2975ce18b08826d4b664eaa51b50"
        },
        {
          "type": "cssRules",
          "assetId": "S7kg1gcj7-v",
          "checksum": "68cc2975ce18b08826d4b664eaa51b50"
        },
        {
          "type": "renderModule",
          "assetId": "-mHekhvq3AY",
          "checksum": "659755d029e39c9024da3b7a7c2e1e17"
        },
        {
          "type": "cssRules",
          "assetId": "-mHekhvq3AY",
          "checksum": "659755d029e39c9024da3b7a7c2e1e17"
        },
        {
          "type": "renderModule",
          "assetId": "8PboOpLyrBm",
          "checksum": "ffd6d2cf93c5ddfc4b8d9d89e7125740"
        },
        {
          "type": "cssRules",
          "assetId": "8PboOpLyrBm",
          "checksum": "ffd6d2cf93c5ddfc4b8d9d89e7125740"
        },
        {
          "type": "renderModule",
          "assetId": "9uhOKoIKliE",
          "checksum": "ab4bdea07ffb17436f3d1793c0c94b5e"
        },
        {
          "type": "cssRules",
          "assetId": "9uhOKoIKliE",
          "checksum": "ab4bdea07ffb17436f3d1793c0c94b5e"
        },
        {
          "type": "renderModule",
          "assetId": "8WUOyU1T46J",
          "checksum": "342cd76a6b6522daaebef849ddc3a71b"
        },
        {
          "type": "cssRules",
          "assetId": "8WUOyU1T46J",
          "checksum": "342cd76a6b6522daaebef849ddc3a71b"
        },
        {
          "assetId": "8XuJZfnuNd7UvNkkshapC6",
          "type": "projectCss",
          "checksum": "b0ad5a01ae09ecad8ff7ce12809219a5"
        }
      ],
      "codegenVersion": "0.0.1"
    }
  ],
  "cliVersion": "0.1.186"
}
