{
  "projects": [
    {
      "projectId": "28Ba3BDvRe7EiWdfFNnLB6",
      "version": "2.10.0",
      "dependencies": {},
      "lang": "ts",
      "fileLocks": [
        {
          "assetId": "28Ba3BDvRe7EiWdfFNnLB6",
          "type": "projectCss",
          "checksum": "87db3f38ab09de17055a82a444e32ce3"
        }
      ],
      "codegenVersion": "0.0.1"
    },
    {
      "projectId": "szjgMQpPpxhmkjnaBvZQJG",
      "version": "2.6.0",
      "dependencies": {},
      "lang": "ts",
      "fileLocks": [
        {
          "assetId": "szjgMQpPpxhmkjnaBvZQJG",
          "type": "projectCss",
          "checksum": "046cbcd955f6ce64b8fe92bdec2ab557"
        }
      ],
      "codegenVersion": "0.0.1"
    },
    {
      "projectId": "7nJ7UcFmq9UzB6eXfC5z4a",
      "version": "0.6.0",
      "dependencies": {},
      "lang": "ts",
      "fileLocks": [
        {
          "assetId": "7nJ7UcFmq9UzB6eXfC5z4a",
          "type": "projectCss",
          "checksum": "27ff92c469db18011be32216514596d3"
        }
      ],
      "codegenVersion": "0.0.1"
    },
    {
      "projectId": "8XuJZfnuNd7UvNkkshapC6",
      "version": "latest",
      "dependencies": {
        "7nJ7UcFmq9UzB6eXfC5z4a": "0.6.0",
        "szjgMQpPpxhmkjnaBvZQJG": "2.6.0",
        "28Ba3BDvRe7EiWdfFNnLB6": "2.10.0"
      },
      "lang": "ts",
      "fileLocks": [
        {
          "type": "globalVariant",
          "assetId": "WwY5HA-vRU8x4",
          "checksum": "de3b81dbe4645da7042aa42761073ff0"
        },
        {
          "type": "renderModule",
          "assetId": "Cwcul4UrW6HS",
          "checksum": "f21c80ca1543678c4ecbbfe55322a0bf"
        },
        {
          "type": "cssRules",
          "assetId": "Cwcul4UrW6HS",
          "checksum": "f21c80ca1543678c4ecbbfe55322a0bf"
        },
        {
          "type": "renderModule",
          "assetId": "7q4dYfz6E__",
          "checksum": "f96157f4190305c5d176dc827302c213"
        },
        {
          "type": "cssRules",
          "assetId": "7q4dYfz6E__",
          "checksum": "f96157f4190305c5d176dc827302c213"
        },
        {
          "type": "renderModule",
          "assetId": "bEkwDYSt0b",
          "checksum": "587b8f73384b9541357e60165506f5b3"
        },
        {
          "type": "cssRules",
          "assetId": "bEkwDYSt0b",
          "checksum": "587b8f73384b9541357e60165506f5b3"
        },
        {
          "type": "renderModule",
          "assetId": "stpzk0e4w8",
          "checksum": "b57961dda0f7ece341ac0d8398b5ee14"
        },
        {
          "type": "cssRules",
          "assetId": "stpzk0e4w8",
          "checksum": "b57961dda0f7ece341ac0d8398b5ee14"
        },
        {
          "type": "renderModule",
          "assetId": "CJ-3PKujtR-",
          "checksum": "de8bec88879fbb65c1295c952754dcc1"
        },
        {
          "type": "cssRules",
          "assetId": "CJ-3PKujtR-",
          "checksum": "de8bec88879fbb65c1295c952754dcc1"
        },
        {
          "type": "icon",
          "assetId": "WK-uNEKVCw3",
          "checksum": "c45bce4238e384045825b259f18a746c"
        },
        {
          "type": "icon",
          "assetId": "H1GZJxswewQ",
          "checksum": "8cab4a99eb9f2d3215f807301c0cb967"
        },
        {
          "type": "icon",
          "assetId": "hCPX34t0fK3",
          "checksum": "03b6d1100549ce54f23ab67306c0869f"
        },
        {
          "type": "image",
          "assetId": "WkYQpLc8u",
          "checksum": "07fe971c2803623b2353cd86b7c53d4a"
        },
        {
          "type": "renderModule",
          "assetId": "hF66z6g8PUp",
          "checksum": "1cbb71162e21b38f65f18db6d5036628"
        },
        {
          "type": "cssRules",
          "assetId": "hF66z6g8PUp",
          "checksum": "1cbb71162e21b38f65f18db6d5036628"
        },
        {
          "type": "renderModule",
          "assetId": "iFRyT7eXLH",
          "checksum": "81ab571ba7188c3876d95bb69c29b101"
        },
        {
          "type": "cssRules",
          "assetId": "iFRyT7eXLH",
          "checksum": "81ab571ba7188c3876d95bb69c29b101"
        },
        {
          "type": "renderModule",
          "assetId": "cHNTWN6IIi",
          "checksum": "469a4903413ca08fee57e8923846fea5"
        },
        {
          "type": "cssRules",
          "assetId": "cHNTWN6IIi",
          "checksum": "469a4903413ca08fee57e8923846fea5"
        },
        {
          "type": "renderModule",
          "assetId": "qQDZACe0NE",
          "checksum": "5f2ef129a3d60c278c3a56e8400b6005"
        },
        {
          "type": "cssRules",
          "assetId": "qQDZACe0NE",
          "checksum": "5f2ef129a3d60c278c3a56e8400b6005"
        },
        {
          "type": "renderModule",
          "assetId": "5zVsdLWHz-",
          "checksum": "3a0b1addac749d22b21fc20bda11f1fc"
        },
        {
          "type": "cssRules",
          "assetId": "5zVsdLWHz-",
          "checksum": "3a0b1addac749d22b21fc20bda11f1fc"
        },
        {
          "type": "renderModule",
          "assetId": "0GtKHl4SJA",
          "checksum": "7fe7d281509656ea48aeb92cfa015244"
        },
        {
          "type": "cssRules",
          "assetId": "0GtKHl4SJA",
          "checksum": "7fe7d281509656ea48aeb92cfa015244"
        },
        {
          "type": "renderModule",
          "assetId": "Cew9iEQBJMu",
          "checksum": "6cc4c204fc7ceac99753f1974ba1bc19"
        },
        {
          "type": "cssRules",
          "assetId": "Cew9iEQBJMu",
          "checksum": "6cc4c204fc7ceac99753f1974ba1bc19"
        },
        {
          "type": "renderModule",
          "assetId": "NajtjOtX04",
          "checksum": "056e018d29f96062dc2fc16b97c7cf9e"
        },
        {
          "type": "cssRules",
          "assetId": "NajtjOtX04",
          "checksum": "056e018d29f96062dc2fc16b97c7cf9e"
        },
        {
          "type": "renderModule",
          "assetId": "hXP-9YKRw2",
          "checksum": "b7b25758d574d981c8b2504c4372e545"
        },
        {
          "type": "cssRules",
          "assetId": "hXP-9YKRw2",
          "checksum": "b7b25758d574d981c8b2504c4372e545"
        },
        {
          "type": "renderModule",
          "assetId": "zmhDGaogJf",
          "checksum": "84cd58fadbbd30139e09aa50e3863fcf"
        },
        {
          "type": "cssRules",
          "assetId": "zmhDGaogJf",
          "checksum": "84cd58fadbbd30139e09aa50e3863fcf"
        },
        {
          "type": "renderModule",
          "assetId": "eQpzb1bPyXR",
          "checksum": "3784658566461b645c8045330546257d"
        },
        {
          "type": "cssRules",
          "assetId": "eQpzb1bPyXR",
          "checksum": "3784658566461b645c8045330546257d"
        },
        {
          "type": "renderModule",
          "assetId": "aegxh_farI",
          "checksum": "f005f4e7f26afbf4e5237fb82f3ea6e9"
        },
        {
          "type": "cssRules",
          "assetId": "aegxh_farI",
          "checksum": "f005f4e7f26afbf4e5237fb82f3ea6e9"
        },
        {
          "type": "renderModule",
          "assetId": "g2Fzp1_v7ow",
          "checksum": "8db37c577e0dcaee833ea1c232aa7010"
        },
        {
          "type": "cssRules",
          "assetId": "g2Fzp1_v7ow",
          "checksum": "8db37c577e0dcaee833ea1c232aa7010"
        },
        {
          "type": "renderModule",
          "assetId": "7ZZm-pBIrx",
          "checksum": "d4c6968a228df8897d137ca54b4bd2ea"
        },
        {
          "type": "cssRules",
          "assetId": "7ZZm-pBIrx",
          "checksum": "d4c6968a228df8897d137ca54b4bd2ea"
        },
        {
          "type": "renderModule",
          "assetId": "605FdbX2DfO",
          "checksum": "c07e6ddc6e22c54af01ad1de4ec87c9d"
        },
        {
          "type": "cssRules",
          "assetId": "605FdbX2DfO",
          "checksum": "c07e6ddc6e22c54af01ad1de4ec87c9d"
        },
        {
          "type": "renderModule",
          "assetId": "QeX4Yp4ozGm",
          "checksum": "b3754b5347ebe3284f601804a404206d"
        },
        {
          "type": "cssRules",
          "assetId": "QeX4Yp4ozGm",
          "checksum": "b3754b5347ebe3284f601804a404206d"
        },
        {
          "type": "renderModule",
          "assetId": "7l13B_o70O",
          "checksum": "a2505e38e88322372caabc6bdae7b141"
        },
        {
          "type": "cssRules",
          "assetId": "7l13B_o70O",
          "checksum": "a2505e38e88322372caabc6bdae7b141"
        },
        {
          "type": "renderModule",
          "assetId": "rtdQhdscRZ1",
          "checksum": "37e112bda43dd6a6f1d6dfa913648577"
        },
        {
          "type": "cssRules",
          "assetId": "rtdQhdscRZ1",
          "checksum": "37e112bda43dd6a6f1d6dfa913648577"
        },
        {
          "type": "renderModule",
          "assetId": "tRAjWGA5Mr",
          "checksum": "9f61b4433ab512ab3abe5f5d62ae90d0"
        },
        {
          "type": "cssRules",
          "assetId": "tRAjWGA5Mr",
          "checksum": "9f61b4433ab512ab3abe5f5d62ae90d0"
        },
        {
          "type": "renderModule",
          "assetId": "LQeW26Vvq3",
          "checksum": "ab003524a925c5dd30aadc4885110dee"
        },
        {
          "type": "cssRules",
          "assetId": "LQeW26Vvq3",
          "checksum": "ab003524a925c5dd30aadc4885110dee"
        },
        {
          "type": "renderModule",
          "assetId": "QylFKCNC0eW",
          "checksum": "78a9658a56b100f49e4c27b43d95d319"
        },
        {
          "type": "cssRules",
          "assetId": "QylFKCNC0eW",
          "checksum": "78a9658a56b100f49e4c27b43d95d319"
        },
        {
          "type": "renderModule",
          "assetId": "JvLnzcKYZbb",
          "checksum": "478f1bbd6188e16a357bc3769442e337"
        },
        {
          "type": "cssRules",
          "assetId": "JvLnzcKYZbb",
          "checksum": "478f1bbd6188e16a357bc3769442e337"
        },
        {
          "type": "renderModule",
          "assetId": "MXYniCeie3G",
          "checksum": "484b1226b9df86c8547ade845c492005"
        },
        {
          "type": "cssRules",
          "assetId": "MXYniCeie3G",
          "checksum": "484b1226b9df86c8547ade845c492005"
        },
        {
          "type": "renderModule",
          "assetId": "GCwuU6qoD9h",
          "checksum": "7a43438aacd2884e91a536b7364d888a"
        },
        {
          "type": "cssRules",
          "assetId": "GCwuU6qoD9h",
          "checksum": "7a43438aacd2884e91a536b7364d888a"
        },
        {
          "type": "renderModule",
          "assetId": "aKWnxE_fL_n",
          "checksum": "661199233afb2c6d7b295363f7bbe1e8"
        },
        {
          "type": "cssRules",
          "assetId": "aKWnxE_fL_n",
          "checksum": "661199233afb2c6d7b295363f7bbe1e8"
        },
        {
          "type": "renderModule",
          "assetId": "gLO3qE5tA7",
          "checksum": "4fa21868dc5e9c38d676fec279c569b4"
        },
        {
          "type": "cssRules",
          "assetId": "gLO3qE5tA7",
          "checksum": "4fa21868dc5e9c38d676fec279c569b4"
        },
        {
          "type": "renderModule",
          "assetId": "_P_S6-TKUW2",
          "checksum": "938aa199914c49360329501a895e74c8"
        },
        {
          "type": "cssRules",
          "assetId": "_P_S6-TKUW2",
          "checksum": "938aa199914c49360329501a895e74c8"
        },
        {
          "type": "renderModule",
          "assetId": "AKl1yzKVuPF",
          "checksum": "208707493b7386e3edfd8534e58c8f76"
        },
        {
          "type": "cssRules",
          "assetId": "AKl1yzKVuPF",
          "checksum": "208707493b7386e3edfd8534e58c8f76"
        },
        {
          "type": "renderModule",
          "assetId": "dXee78_yWhF",
          "checksum": "71a989521a7cfeb3c022d79e120e406d"
        },
        {
          "type": "cssRules",
          "assetId": "dXee78_yWhF",
          "checksum": "71a989521a7cfeb3c022d79e120e406d"
        },
        {
          "type": "renderModule",
          "assetId": "pmNlnD93qv-",
          "checksum": "1768b897c16b1d14fa8d7e8288fd54ca"
        },
        {
          "type": "cssRules",
          "assetId": "pmNlnD93qv-",
          "checksum": "1768b897c16b1d14fa8d7e8288fd54ca"
        },
        {
          "type": "renderModule",
          "assetId": "7qo8OEgNT-g",
          "checksum": "bc62f9dc930a5a7bc1db7e9a26bf4a5c"
        },
        {
          "type": "cssRules",
          "assetId": "7qo8OEgNT-g",
          "checksum": "bc62f9dc930a5a7bc1db7e9a26bf4a5c"
        },
        {
          "type": "renderModule",
          "assetId": "OOiN6jLpGW",
          "checksum": "c6a125a2c205691ca765e5276941324d"
        },
        {
          "type": "cssRules",
          "assetId": "OOiN6jLpGW",
          "checksum": "c6a125a2c205691ca765e5276941324d"
        },
        {
          "type": "renderModule",
          "assetId": "-2Az4tsp3u",
          "checksum": "5b0a74518c36baf69496497ba84666db"
        },
        {
          "type": "cssRules",
          "assetId": "-2Az4tsp3u",
          "checksum": "5b0a74518c36baf69496497ba84666db"
        },
        {
          "type": "renderModule",
          "assetId": "Ju1A340bzB-",
          "checksum": "ef7672ad7cf3a312ddcdc99651df606a"
        },
        {
          "type": "cssRules",
          "assetId": "Ju1A340bzB-",
          "checksum": "ef7672ad7cf3a312ddcdc99651df606a"
        },
        {
          "type": "renderModule",
          "assetId": "bfV7oLmQIs",
          "checksum": "d170534ad98210530f04df1175b73803"
        },
        {
          "type": "cssRules",
          "assetId": "bfV7oLmQIs",
          "checksum": "d170534ad98210530f04df1175b73803"
        },
        {
          "type": "renderModule",
          "assetId": "d9qSkDAT15Y",
          "checksum": "33669ab21c7600e009f078c1a9cd3fd6"
        },
        {
          "type": "cssRules",
          "assetId": "d9qSkDAT15Y",
          "checksum": "33669ab21c7600e009f078c1a9cd3fd6"
        },
        {
          "type": "renderModule",
          "assetId": "BdQJvqA4IgO",
          "checksum": "6097b215f97de56347c832d70f0cf062"
        },
        {
          "type": "cssRules",
          "assetId": "BdQJvqA4IgO",
          "checksum": "6097b215f97de56347c832d70f0cf062"
        },
        {
          "type": "renderModule",
          "assetId": "pzKIMAe7y7J",
          "checksum": "a75984e3e5da47df2412a723026386ce"
        },
        {
          "type": "cssRules",
          "assetId": "pzKIMAe7y7J",
          "checksum": "a75984e3e5da47df2412a723026386ce"
        },
        {
          "type": "renderModule",
          "assetId": "0hjy5fl7cOe",
          "checksum": "a44cf2fbc0a0f78a47868aca0bb952ba"
        },
        {
          "type": "cssRules",
          "assetId": "0hjy5fl7cOe",
          "checksum": "a44cf2fbc0a0f78a47868aca0bb952ba"
        },
        {
          "type": "renderModule",
          "assetId": "_FgEegp8IaS",
          "checksum": "a081746e44e0089e97ee56c69fbf095a"
        },
        {
          "type": "cssRules",
          "assetId": "_FgEegp8IaS",
          "checksum": "a081746e44e0089e97ee56c69fbf095a"
        },
        {
          "type": "renderModule",
          "assetId": "UqHzbATt5ih",
          "checksum": "ec14be2babd2ceb9f1c93949daf51bf4"
        },
        {
          "type": "cssRules",
          "assetId": "UqHzbATt5ih",
          "checksum": "ec14be2babd2ceb9f1c93949daf51bf4"
        },
        {
          "type": "renderModule",
          "assetId": "Qh_aoGeAVLO",
          "checksum": "ca5fc66af330dd5befe6bceddbd5c895"
        },
        {
          "type": "cssRules",
          "assetId": "Qh_aoGeAVLO",
          "checksum": "ca5fc66af330dd5befe6bceddbd5c895"
        },
        {
          "type": "renderModule",
          "assetId": "BqML-slVbHs",
          "checksum": "6c71597fe4047c6e5386dbdee6feff28"
        },
        {
          "type": "cssRules",
          "assetId": "BqML-slVbHs",
          "checksum": "6c71597fe4047c6e5386dbdee6feff28"
        },
        {
          "type": "renderModule",
          "assetId": "EANaH4iES2Y",
          "checksum": "f2860b2c2373dcad97ffb8fda0190008"
        },
        {
          "type": "cssRules",
          "assetId": "EANaH4iES2Y",
          "checksum": "f2860b2c2373dcad97ffb8fda0190008"
        },
        {
          "type": "renderModule",
          "assetId": "rBcT3zXcB6X",
          "checksum": "2391735d9b3b6e2b6e1800ca87d7619f"
        },
        {
          "type": "cssRules",
          "assetId": "rBcT3zXcB6X",
          "checksum": "2391735d9b3b6e2b6e1800ca87d7619f"
        },
        {
          "type": "renderModule",
          "assetId": "f6-AwpZB0T_",
          "checksum": "c61ae69495f582431b831472d08a29c5"
        },
        {
          "type": "cssRules",
          "assetId": "f6-AwpZB0T_",
          "checksum": "c61ae69495f582431b831472d08a29c5"
        },
        {
          "type": "renderModule",
          "assetId": "DEBxupY4cEs",
          "checksum": "93872e26607e6decfb249378d3fd4101"
        },
        {
          "type": "cssRules",
          "assetId": "DEBxupY4cEs",
          "checksum": "93872e26607e6decfb249378d3fd4101"
        },
        {
          "type": "icon",
          "assetId": "jEerZVGrA2K",
          "checksum": "6c5370a28f28024b6fd8c4683baf6515"
        },
        {
          "type": "icon",
          "assetId": "9a8VZ70rIzk",
          "checksum": "0d65bd74b6da8c8575a4beaded746e51"
        },
        {
          "type": "icon",
          "assetId": "xTO2wZbdG5Q",
          "checksum": "070de4428eeefb0ee4ff0158230a95ac"
        },
        {
          "type": "icon",
          "assetId": "yoqrGfTQjFR",
          "checksum": "a3502e45ce3bc3358f016cecf61e41cf"
        },
        {
          "type": "icon",
          "assetId": "px9Wc5QC812",
          "checksum": "e81399415511ad75de5a57518faa12b9"
        },
        {
          "type": "image",
          "assetId": "kcqghBg-s",
          "checksum": "0c8fcde3f330a4da212860e1256b938e"
        },
        {
          "type": "image",
          "assetId": "ongiO6yxM",
          "checksum": "970a5767b96f7bbb7cbfc643b1c94e36"
        },
        {
          "type": "image",
          "assetId": "RQNt4tSc9",
          "checksum": "c5a0102342fab36aef84d3aac0e72698"
        },
        {
          "type": "image",
          "assetId": "Hrv6HwWsm",
          "checksum": "f3c87f8bba021442430b43e255cb4348"
        },
        {
          "type": "image",
          "assetId": "SZSqXyfLg",
          "checksum": "4813a10cb4ecb73358cbe0a64a32e690"
        },
        {
          "type": "image",
          "assetId": "fDqxBhWcc",
          "checksum": "5410364aa0c0ca2793f85c7d770b95aa"
        },
        {
          "type": "image",
          "assetId": "XfRkQKfsQ",
          "checksum": "f79aa9f3044e32578d552e727360857a"
        },
        {
          "type": "image",
          "assetId": "m8EExYHK_",
          "checksum": "53f422fcbc47831f271bc765afcd1781"
        },
        {
          "assetId": "8XuJZfnuNd7UvNkkshapC6",
          "type": "projectCss",
          "checksum": "b0ad5a01ae09ecad8ff7ce12809219a5"
        }
      ],
      "codegenVersion": "0.0.1"
    }
  ],
  "cliVersion": "0.1.186"
}
